
Microsoft Visual Studio Solution File, Format Version 12.00
# Visual Studio Version 17
VisualStudioVersion = 17.5.33424.131
MinimumVisualStudioVersion = 10.0.40219.1
Project("{FAE04EC0-301F-11D3-BF4B-00C04F79EFBC}") = "Semestr1_Lekcja12_2023", "Semestr1_Lekcja12_2023\Semestr1_Lekcja12_2023.csproj", "{C60E8F75-B926-4F80-BFE5-94F85F04DCF6}"
EndProject
Project("{FAE04EC0-301F-11D3-BF4B-00C04F79EFBC}") = "Metody", "Metody\Metody.csproj", "{34687996-B776-40D0-B9DB-6F47F700BF51}"
EndProject
Global
	GlobalSection(SolutionConfigurationPlatforms) = preSolution
		Debug|Any CPU = Debug|Any CPU
		Release|Any CPU = Release|Any CPU
	EndGlobalSection
	GlobalSection(ProjectConfigurationPlatforms) = postSolution
		{C60E8F75-B926-4F80-BFE5-94F85F04DCF6}.Debug|Any CPU.ActiveCfg = Debug|Any CPU
		{C60E8F75-B926-4F80-BFE5-94F85F04DCF6}.Debug|Any CPU.Build.0 = Debug|Any CPU
		{C60E8F75-B926-4F80-BFE5-94F85F04DCF6}.Release|Any CPU.ActiveCfg = Release|Any CPU
		{C60E8F75-B926-4F80-BFE5-94F85F04DCF6}.Release|Any CPU.Build.0 = Release|Any CPU
		{34687996-B776-40D0-B9DB-6F47F700BF51}.Debug|Any CPU.ActiveCfg = Debug|Any CPU
		{34687996-B776-40D0-B9DB-6F47F700BF51}.Debug|Any CPU.Build.0 = Debug|Any CPU
		{34687996-B776-40D0-B9DB-6F47F700BF51}.Release|Any CPU.ActiveCfg = Release|Any CPU
		{34687996-B776-40D0-B9DB-6F47F700BF51}.Release|Any CPU.Build.0 = Release|Any CPU
	EndGlobalSection
	GlobalSection(SolutionProperties) = preSolution
		HideSolutionNode = FALSE
	EndGlobalSection
	GlobalSection(ExtensibilityGlobals) = postSolution
		SolutionGuid = {D87BB7B9-882B-4228-8EC4-3E0742DA0177}
	EndGlobalSection
EndGlobal
